
Microsoft Visual Studio Solution File, Format Version 12.00
# Visual Studio Version 16
VisualStudioVersion = 16.0.30225.117
MinimumVisualStudioVersion = 10.0.40219.1
Project("{8BC9CEB8-8B4A-11D0-8D11-00A0C91BC942}") = "funfix", "funfix.vcxproj", "{040FD781-7657-43D3-96DD-FE440E560C2C}"
EndProject
Global
	GlobalSection(SolutionConfigurationPlatforms) = preSolution
		Debug|x64 = Debug|x64
		Debug|x86 = Debug|x86
		Release|x64 = Release|x64
		Release|x86 = Release|x86
	EndGlobalSection
	GlobalSection(ProjectConfigurationPlatforms) = postSolution
		{040FD781-7657-43D3-96DD-FE440E560C2C}.Debug|x64.ActiveCfg = Debug|x64
		{040FD781-7657-43D3-96DD-FE440E560C2C}.Debug|x64.Build.0 = Debug|x64
		{040FD781-7657-43D3-96DD-FE440E560C2C}.Debug|x86.ActiveCfg = Debug|Win32
		{040FD781-7657-43D3-96DD-FE440E560C2C}.Debug|x86.Build.0 = Debug|Win32
		{040FD781-7657-43D3-96DD-FE440E560C2C}.Release|x64.ActiveCfg = Release|x64
		{040FD781-7657-43D3-96DD-FE440E560C2C}.Release|x64.Build.0 = Release|x64
		{040FD781-7657-43D3-96DD-FE440E560C2C}.Release|x86.ActiveCfg = Release|Win32
		{040FD781-7657-43D3-96DD-FE440E560C2C}.Release|x86.Build.0 = Release|Win32
	EndGlobalSection
	GlobalSection(SolutionProperties) = preSolution
		HideSolutionNode = FALSE
	EndGlobalSection
	GlobalSection(ExtensibilityGlobals) = postSolution
		SolutionGuid = {CD43663B-A774-4244-A616-F6A3AC71826B}
	EndGlobalSection
EndGlobal
