<?xml version="1.0" encoding="UTF-8" standalone="yes" ?>
<CodeBlocks_project_file>
	<FileVersion major="1" minor="6" />
	<Project>
		<Option title="funfindr" />
		<Option pch_mode="2" />
		<Option compiler="gcc" />
		<Build>
			<Target title="Debug">
				<Option output="bin/Debug/funfindr" prefix_auto="1" extension_auto="1" />
				<Option object_output="obj/Debug/" />
				<Option type="1" />
				<Option compiler="copy_of_gnu_gcc_compiler" />
				<Compiler>
					<Add option="-g" />
					<Add option="-DSFML_STATIC" />
					<Add directory="include" />
					<Add directory="./" />
					<Add directory="../glew-2.1.0/include" />
				</Compiler>
				<Linker>
					<Add library="libs/libFLAC.a" />
					<Add library="libs/libfreetype.a" />
					<Add library="libs/libogg.a" />
					<Add library="libs/libvorbis.a" />
					<Add library="libs/libvorbisenc.a" />
					<Add library="libs/libvorbisfile.a" />
					<Add library="../sfgui-0.3.1-mingw_builds-6.1.0-posix-dwarf-32/sfgui-0.3.1-mingw_builds-6.1.0-posix-dwarf-32/lib/libsfgui.a" />
					<Add directory="libs" />
					<Add directory="../xlib" />
					<Add directory="../glew-2.1.0/lib" />
				</Linker>
			</Target>
			<Target title="Release">
				<Option output="bin/Release/funfindr" prefix_auto="1" extension_auto="1" />
				<Option object_output="obj/Release/" />
				<Option type="1" />
				<Option compiler="gcc" />
				<Compiler>
					<Add option="-O2" />
					<Add directory="include" />
					<Add directory="./" />
				</Compiler>
				<Linker>
					<Add option="-s" />
				</Linker>
			</Target>
		</Build>
		<Compiler>
			<Add option="-Wall" />
			<Add option="-fexceptions" />
			<Add option="-DSFML_STATIC" />
			<Add directory="../imgui" />
			<Add directory="../imgui-sfml" />
			<Add directory="../Windows Kits/10/Include" />
			<Add directory="../SFML-2.6.0/include" />
			<Add directory="../sfgui-0.3.1-mingw_builds-6.1.0-posix-dwarf-32/sfgui-0.3.1-mingw_builds-6.1.0-posix-dwarf-32/include" />
			<Add directory="../TGUI-1.0.0-mingw-13.1.0-64bit-for-SFML-2.6.0/TGUI-1.0/include" />
		</Compiler>
		<Linker>
			<Add library="libopenal32.a" />
			<Add library="../Windows Kits/10/Lib/10.0.22621.0/um/x64/OpenGL32.Lib" />
			<Add library="../SFML-2.6.0/lib/libsfml-audio.a" />
			<Add library="../SFML-2.6.0/lib/libsfml-graphics.a" />
			<Add library="../SFML-2.6.0/lib/libsfml-network.a" />
			<Add library="../SFML-2.6.0/lib/libsfml-system.a" />
			<Add library="../SFML-2.6.0/lib/libsfml-window.a" />
			<Add library="../TGUI-1.0.0-mingw-13.1.0-64bit-for-SFML-2.6.0/TGUI-1.0/lib/libtgui.a" />
			<Add library="../Windows Kits/10/Lib/10.0.22621.0/um/x64/Ole32.Lib" />
			<Add library="../Windows Kits/10/Lib/10.0.22621.0/um/x64/OleAut32.Lib" />
			<Add library="../Windows Kits/10/Lib/10.0.22621.0/um/x64/Uuid.Lib" />
			<Add library="../Windows Kits/10/Lib/10.0.22621.0/um/x64/ComCtl32.Lib" />
			<Add library="comdlg32" />
			<Add directory="../SFML-2.6.0/lib" />
			<Add directory="../Windows Kits/10/Lib" />
			<Add directory="../sfgui-0.3.1-mingw_builds-6.1.0-posix-dwarf-32/sfgui-0.3.1-mingw_builds-6.1.0-posix-dwarf-32/lib" />
			<Add directory="../TGUI-1.0.0-mingw-13.1.0-64bit-for-SFML-2.6.0/TGUI-1.0/lib" />
		</Linker>
		<Unit filename="cdata.cpp" />
		<Unit filename="cdata.h" />
		<Unit filename="cresi.cpp" />
		<Unit filename="cresi.h" />
		<Unit filename="data.cpp" />
		<Unit filename="data.h" />
		<Unit filename="exfun.cpp" />
		<Unit filename="exfun.h" />
		<Unit filename="exreg.cpp" />
		<Unit filename="exreg.h" />
		<Unit filename="fileload.cpp" />
		<Unit filename="fileload.h" />
		<Unit filename="filesel.cpp" />
		<Unit filename="filesel.h" />
		<Unit filename="funbool.cpp" />
		<Unit filename="funbool.h" />
		<Unit filename="gen.cpp" />
		<Unit filename="gen.h" />
		<Unit filename="lists.cpp" />
		<Unit filename="lists.h" />
		<Unit filename="main.cpp" />
		<Unit filename="mathfun.cpp" />
		<Unit filename="mathfun.h" />
		<Unit filename="paramsel.cpp" />
		<Unit filename="paramsel.h" />
		<Unit filename="qtman.cpp" />
		<Unit filename="qtman.h" />
		<Unit filename="rdata.cpp" />
		<Unit filename="rdata.h" />
		<Unit filename="resi.cpp" />
		<Unit filename="resi.h" />
		<Unit filename="sett.cpp" />
		<Unit filename="sett.h" />
		<Unit filename="sfmlman.cpp" />
		<Unit filename="sfmlman.h" />
		<Unit filename="sfmlres.cpp" />
		<Unit filename="sfmlres.h" />
		<Unit filename="tcalc.cpp" />
		<Unit filename="tcalc.h" />
		<Unit filename="varbool.cpp" />
		<Unit filename="varbool.h" />
		<Unit filename="xdata.cpp" />
		<Unit filename="xdata.h" />
		<Extensions>
			<lib_finder disable_auto="1" />
		</Extensions>
	</Project>
</CodeBlocks_project_file>
